
Microsoft Visual Studio Solution File, Format Version 12.00
# Visual Studio Version 16
VisualStudioVersion = 16.0.29806.167
MinimumVisualStudioVersion = 10.0.40219.1
Project("{FAE04EC0-301F-11D3-BF4B-00C04F79EFBC}") = "MTNTripPlanner.Services.Identity.API", "MTNTripPlanner.Services.Identity.API\MTNTripPlanner.Services.Identity.API.csproj", "{6C3E29D8-C7B1-4A79-9E6B-215520B4ADCF}"
EndProject
Project("{FAE04EC0-301F-11D3-BF4B-00C04F79EFBC}") = "MTNTripPlanner.Services.Identity.Core", "MTNTripPlanner.Services.Identity.Core\MTNTripPlanner.Services.Identity.Core.csproj", "{F87F0573-5CD1-4EA0-91E3-FC58714FA8C2}"
EndProject
Project("{FAE04EC0-301F-11D3-BF4B-00C04F79EFBC}") = "MTNTripPlanner.Services.Identity.Application", "MTNTripPlanner.Services.Identity.Application\MTNTripPlanner.Services.Identity.Application.csproj", "{D3818F1A-9372-49DB-8CDE-41BB1C34BA44}"
EndProject
Project("{FAE04EC0-301F-11D3-BF4B-00C04F79EFBC}") = "MTNTripPlanner.Services.Identity.Infrastructure", "MTNTripPlanner.Services.Identity.Infrastructure\MTNTripPlanner.Services.Identity.Infrastructure.csproj", "{A65232D2-9E74-45C5-8E9F-321D482550DB}"
EndProject
Global
	GlobalSection(SolutionConfigurationPlatforms) = preSolution
		Debug|Any CPU = Debug|Any CPU
		Release|Any CPU = Release|Any CPU
	EndGlobalSection
	GlobalSection(ProjectConfigurationPlatforms) = postSolution
		{6C3E29D8-C7B1-4A79-9E6B-215520B4ADCF}.Debug|Any CPU.ActiveCfg = Debug|Any CPU
		{6C3E29D8-C7B1-4A79-9E6B-215520B4ADCF}.Debug|Any CPU.Build.0 = Debug|Any CPU
		{6C3E29D8-C7B1-4A79-9E6B-215520B4ADCF}.Release|Any CPU.ActiveCfg = Release|Any CPU
		{6C3E29D8-C7B1-4A79-9E6B-215520B4ADCF}.Release|Any CPU.Build.0 = Release|Any CPU
		{F87F0573-5CD1-4EA0-91E3-FC58714FA8C2}.Debug|Any CPU.ActiveCfg = Debug|Any CPU
		{F87F0573-5CD1-4EA0-91E3-FC58714FA8C2}.Debug|Any CPU.Build.0 = Debug|Any CPU
		{F87F0573-5CD1-4EA0-91E3-FC58714FA8C2}.Release|Any CPU.ActiveCfg = Release|Any CPU
		{F87F0573-5CD1-4EA0-91E3-FC58714FA8C2}.Release|Any CPU.Build.0 = Release|Any CPU
		{D3818F1A-9372-49DB-8CDE-41BB1C34BA44}.Debug|Any CPU.ActiveCfg = Debug|Any CPU
		{D3818F1A-9372-49DB-8CDE-41BB1C34BA44}.Debug|Any CPU.Build.0 = Debug|Any CPU
		{D3818F1A-9372-49DB-8CDE-41BB1C34BA44}.Release|Any CPU.ActiveCfg = Release|Any CPU
		{D3818F1A-9372-49DB-8CDE-41BB1C34BA44}.Release|Any CPU.Build.0 = Release|Any CPU
		{A65232D2-9E74-45C5-8E9F-321D482550DB}.Debug|Any CPU.ActiveCfg = Debug|Any CPU
		{A65232D2-9E74-45C5-8E9F-321D482550DB}.Debug|Any CPU.Build.0 = Debug|Any CPU
		{A65232D2-9E74-45C5-8E9F-321D482550DB}.Release|Any CPU.ActiveCfg = Release|Any CPU
		{A65232D2-9E74-45C5-8E9F-321D482550DB}.Release|Any CPU.Build.0 = Release|Any CPU
	EndGlobalSection
	GlobalSection(SolutionProperties) = preSolution
		HideSolutionNode = FALSE
	EndGlobalSection
	GlobalSection(ExtensibilityGlobals) = postSolution
		SolutionGuid = {C59A2F4C-0EF7-4EBA-A045-D0B947883139}
	EndGlobalSection
EndGlobal
